
Microsoft Visual Studio Solution File, Format Version 12.00
# Visual Studio 14
VisualStudioVersion = 14.0.25420.1
MinimumVisualStudioVersion = 10.0.40219.1
Project("{2150E333-8FDC-42A3-9474-1A3956D46DE8}") = "Modules", "Modules", "{AD39BE83-5B6A-42F4-AEFE-D51B91770EBB}"
EndProject
Project("{FAE04EC0-301F-11D3-BF4B-00C04F79EFBC}") = "PDFUtil", "PDFUtil\PDFUtil.csproj", "{761545CC-1710-4E3D-A86E-1F9145C2E43B}"
EndProject
Project("{FAE04EC0-301F-11D3-BF4B-00C04F79EFBC}") = "PDFUtil.Module.Navigation", "PDFUtil.Module.Navigation\PDFUtil.Module.Navigation.csproj", "{C0E6957E-6B5B-4A33-936E-8C58AF55EE06}"
EndProject
Project("{FAE04EC0-301F-11D3-BF4B-00C04F79EFBC}") = "PDFUtil.Module.Merge", "PDFUtil.Module.Merge\PDFUtil.Module.Merge.csproj", "{DE6CA622-18E8-4458-9BCF-697C11877693}"
EndProject
Project("{FAE04EC0-301F-11D3-BF4B-00C04F79EFBC}") = "PDFUtil.Module.CountPages", "PDFUtil.Module.CountPages\PDFUtil.Module.CountPages.csproj", "{E83316DF-B091-4F79-8157-AFF7E7878469}"
EndProject
Project("{2150E333-8FDC-42A3-9474-1A3956D46DE8}") = "Common", "Common", "{70226968-E7D9-4958-9AFE-B568C825AD32}"
EndProject
Project("{FAE04EC0-301F-11D3-BF4B-00C04F79EFBC}") = "PDFUtil.Common.Base", "PDFUtil.Common.Base\PDFUtil.Common.Base.csproj", "{348E8E43-EF48-4869-9633-93F8FA0C520C}"
EndProject
Global
	GlobalSection(SolutionConfigurationPlatforms) = preSolution
		Debug|Any CPU = Debug|Any CPU
		Release|Any CPU = Release|Any CPU
	EndGlobalSection
	GlobalSection(ProjectConfigurationPlatforms) = postSolution
		{761545CC-1710-4E3D-A86E-1F9145C2E43B}.Debug|Any CPU.ActiveCfg = Debug|Any CPU
		{761545CC-1710-4E3D-A86E-1F9145C2E43B}.Debug|Any CPU.Build.0 = Debug|Any CPU
		{761545CC-1710-4E3D-A86E-1F9145C2E43B}.Release|Any CPU.ActiveCfg = Release|Any CPU
		{761545CC-1710-4E3D-A86E-1F9145C2E43B}.Release|Any CPU.Build.0 = Release|Any CPU
		{C0E6957E-6B5B-4A33-936E-8C58AF55EE06}.Debug|Any CPU.ActiveCfg = Debug|Any CPU
		{C0E6957E-6B5B-4A33-936E-8C58AF55EE06}.Debug|Any CPU.Build.0 = Debug|Any CPU
		{C0E6957E-6B5B-4A33-936E-8C58AF55EE06}.Release|Any CPU.ActiveCfg = Release|Any CPU
		{C0E6957E-6B5B-4A33-936E-8C58AF55EE06}.Release|Any CPU.Build.0 = Release|Any CPU
		{DE6CA622-18E8-4458-9BCF-697C11877693}.Debug|Any CPU.ActiveCfg = Debug|Any CPU
		{DE6CA622-18E8-4458-9BCF-697C11877693}.Debug|Any CPU.Build.0 = Debug|Any CPU
		{DE6CA622-18E8-4458-9BCF-697C11877693}.Release|Any CPU.ActiveCfg = Release|Any CPU
		{DE6CA622-18E8-4458-9BCF-697C11877693}.Release|Any CPU.Build.0 = Release|Any CPU
		{E83316DF-B091-4F79-8157-AFF7E7878469}.Debug|Any CPU.ActiveCfg = Debug|Any CPU
		{E83316DF-B091-4F79-8157-AFF7E7878469}.Debug|Any CPU.Build.0 = Debug|Any CPU
		{E83316DF-B091-4F79-8157-AFF7E7878469}.Release|Any CPU.ActiveCfg = Release|Any CPU
		{E83316DF-B091-4F79-8157-AFF7E7878469}.Release|Any CPU.Build.0 = Release|Any CPU
		{348E8E43-EF48-4869-9633-93F8FA0C520C}.Debug|Any CPU.ActiveCfg = Debug|Any CPU
		{348E8E43-EF48-4869-9633-93F8FA0C520C}.Debug|Any CPU.Build.0 = Debug|Any CPU
		{348E8E43-EF48-4869-9633-93F8FA0C520C}.Release|Any CPU.ActiveCfg = Release|Any CPU
		{348E8E43-EF48-4869-9633-93F8FA0C520C}.Release|Any CPU.Build.0 = Release|Any CPU
	EndGlobalSection
	GlobalSection(SolutionProperties) = preSolution
		HideSolutionNode = FALSE
	EndGlobalSection
	GlobalSection(NestedProjects) = preSolution
		{C0E6957E-6B5B-4A33-936E-8C58AF55EE06} = {AD39BE83-5B6A-42F4-AEFE-D51B91770EBB}
		{DE6CA622-18E8-4458-9BCF-697C11877693} = {AD39BE83-5B6A-42F4-AEFE-D51B91770EBB}
		{E83316DF-B091-4F79-8157-AFF7E7878469} = {AD39BE83-5B6A-42F4-AEFE-D51B91770EBB}
		{348E8E43-EF48-4869-9633-93F8FA0C520C} = {70226968-E7D9-4958-9AFE-B568C825AD32}
	EndGlobalSection
EndGlobal
